Microsoft Visual Studio Solution File, Format Version 12.00
# Visual Studio Version 17
VisualStudioVersion = 17.0.0
MinimumVisualStudioVersion = 10.0.40219.1
Project("{9A19103F-16F7-4668-BE54-9A1E7A4F7556}") = "BasePerson.Model", "Person.Model\BasePerson.Model.csproj", "{C6EDE554-26F4-4D81-B054-1831EE0C0813}"
EndProject
Project("{9A19103F-16F7-4668-BE54-9A1E7A4F7556}") = "BasePerson.Application", "Person.Application\BasePerson.Application.csproj", "{3A675020-2EEA-47E3-A8DD-4E23C47BA7B2}"
EndProject
Project("{9A19103F-16F7-4668-BE54-9A1E7A4F7556}") = "BasePerson.Persistence", "Person.Persistence\BasePerson.Persistence.csproj", "{53EF4FCE-5ED1-44DF-919E-891D6021C88E}"
EndProject
Project("{FAE04EC0-301F-11D3-BF4B-00C04F79EFBC}") = "BasePerson.API", "BasePerson.API\BasePerson.API.csproj", "{0154A84B-1825-4EA2-B484-562DED2E6C16}"
EndProject
Global
	GlobalSection(SolutionConfigurationPlatforms) = preSolution
		Debug|Any CPU = Debug|Any CPU
		Release|Any CPU = Release|Any CPU
	EndGlobalSection
	GlobalSection(ProjectConfigurationPlatforms) = postSolution
		{C6EDE554-26F4-4D81-B054-1831EE0C0813}.Debug|Any CPU.ActiveCfg = Debug|Any CPU
		{C6EDE554-26F4-4D81-B054-1831EE0C0813}.Debug|Any CPU.Build.0 = Debug|Any CPU
		{C6EDE554-26F4-4D81-B054-1831EE0C0813}.Release|Any CPU.ActiveCfg = Release|Any CPU
		{C6EDE554-26F4-4D81-B054-1831EE0C0813}.Release|Any CPU.Build.0 = Release|Any CPU
		{3A675020-2EEA-47E3-A8DD-4E23C47BA7B2}.Debug|Any CPU.ActiveCfg = Debug|Any CPU
		{3A675020-2EEA-47E3-A8DD-4E23C47BA7B2}.Debug|Any CPU.Build.0 = Debug|Any CPU
		{3A675020-2EEA-47E3-A8DD-4E23C47BA7B2}.Release|Any CPU.ActiveCfg = Release|Any CPU
		{3A675020-2EEA-47E3-A8DD-4E23C47BA7B2}.Release|Any CPU.Build.0 = Release|Any CPU
		{53EF4FCE-5ED1-44DF-919E-891D6021C88E}.Debug|Any CPU.ActiveCfg = Debug|Any CPU
		{53EF4FCE-5ED1-44DF-919E-891D6021C88E}.Debug|Any CPU.Build.0 = Debug|Any CPU
		{53EF4FCE-5ED1-44DF-919E-891D6021C88E}.Release|Any CPU.ActiveCfg = Release|Any CPU
		{53EF4FCE-5ED1-44DF-919E-891D6021C88E}.Release|Any CPU.Build.0 = Release|Any CPU
		{0154A84B-1825-4EA2-B484-562DED2E6C16}.Debug|Any CPU.ActiveCfg = Debug|Any CPU
		{0154A84B-1825-4EA2-B484-562DED2E6C16}.Debug|Any CPU.Build.0 = Debug|Any CPU
		{0154A84B-1825-4EA2-B484-562DED2E6C16}.Release|Any CPU.ActiveCfg = Release|Any CPU
		{0154A84B-1825-4EA2-B484-562DED2E6C16}.Release|Any CPU.Build.0 = Release|Any CPU
	EndGlobalSection
	GlobalSection(SolutionProperties) = preSolution
		HideSolutionNode = FALSE
	EndGlobalSection
	GlobalSection(ExtensibilityGlobals) = postSolution
		SolutionGuid = {8AAEEE94-47D4-4AB0-B8D9-723462E7573B}
		        SolutionGuid = {8657FB76-B048-4D3F-BB30-45840DE6FA1D}
	EndGlobalSection
EndGlobal
